// !$*UTF8*$!
{
	archiveVersion = 1;
	classes = {
	};
	objectVersion = 46;
	objects = {

/* Begin PBXBuildFile section */
		667EACB91B51F68800E09272 /* AppDelegate.swift in Sources */ = {isa = PBXBuildFile; fileRef = 667EACB81B51F68800E09272 /* AppDelegate.swift */; };
		667EACBB1B51F68800E09272 /* ViewController.swift in Sources */ = {isa = PBXBuildFile; fileRef = 667EACBA1B51F68800E09272 /* ViewController.swift */; };
		667EACBD1B51F68800E09272 /* Images.xcassets in Resources */ = {isa = PBXBuildFile; fileRef = 667EACBC1B51F68800E09272 /* Images.xcassets */; };
		667EACC01B51F68800E09272 /* Main.storyboard in Resources */ = {isa = PBXBuildFile; fileRef = 667EACBE1B51F68800E09272 /* Main.storyboard */; };
		667EACCC1B51F68800E09272 /* iBooks_ExportTests.swift in Sources */ = {isa = PBXBuildFile; fileRef = 667EACCB1B51F68800E09272 /* iBooks_ExportTests.swift */; };
/* End PBXBuildFile section */

/* Begin PBXContainerItemProxy section */
		667EACC61B51F68800E09272 /* PBXContainerItemProxy */ = {
			isa = PBXContainerItemProxy;
			containerPortal = 667EACAB1B51F68800E09272 /* Project object */;
			proxyType = 1;
			remoteGlobalIDString = 667EACB21B51F68800E09272;
			remoteInfo = "iBooks Export";
		};
/* End PBXContainerItemProxy section */

/* Begin PBXFileReference section */
		667EACB31B51F68800E09272 /* iBooks Export.app */ = {isa = PBXFileReference; explicitFileType = wrapper.application; includeInIndex = 0; path = "iBooks Export.app"; sourceTree = BUILT_PRODUCTS_DIR; };
		667EACB71B51F68800E09272 /* Info.plist */ = {isa = PBXFileReference; lastKnownFileType = text.plist.xml; path = Info.plist; sourceTree = "<group>"; };
		667EACB81B51F68800E09272 /* AppDelegate.swift */ = {isa = PBXFileReference; lastKnownFileType = sourcecode.swift; path = AppDelegate.swift; sourceTree = "<group>"; };
		667EACBA1B51F68800E09272 /* ViewController.swift */ = {isa = PBXFileReference; lastKnownFileType = sourcecode.swift; path = ViewController.swift; sourceTree = "<group>"; };
		667EACBC1B51F68800E09272 /* Images.xcassets */ = {isa = PBXFileReference; lastKnownFileType = folder.assetcatalog; path = Images.xcassets; sourceTree = "<group>"; };
		667EACBF1B51F68800E09272 /* Base */ = {isa = PBXFileReference; lastKnownFileType = file.storyboard; name = Base; path = Base.lproj/Main.storyboard; sourceTree = "<group>"; };
		667EACC51B51F68800E09272 /* iBooks ExportTests.xctest */ = {isa = PBXFileReference; explicitFileType = wrapper.cfbundle; includeInIndex = 0; path = "iBooks ExportTests.xctest"; sourceTree = BUILT_PRODUCTS_DIR; };
		667EACCA1B51F68800E09272 /* Info.plist */ = {isa = PBXFileReference; lastKnownFileType = text.plist.xml; path = Info.plist; sourceTree = "<group>"; };
		667EACCB1B51F68800E09272 /* iBooks_ExportTests.swift */ = {isa = PBXFileReference; lastKnownFileType = sourcecode.swift; path = iBooks_ExportTests.swift; sourceTree = "<group>"; };
/* End PBXFileReference section */

/* Begin PBXFrameworksBuildPhase section */
		667EACB01B51F68800E09272 /* Frameworks */ = {
			isa = PBXFrameworksBuildPhase;
			buildActionMask = 2147483647;
			files = (
			);
			runOnlyForDeploymentPostprocessing = 0;
		};
		667EACC21B51F68800E09272 /* Frameworks */ = {
			isa = PBXFrameworksBuildPhase;
			buildActionMask = 2147483647;
			files = (
			);
			runOnlyForDeploymentPostprocessing = 0;
		};
/* End PBXFrameworksBuildPhase section */

/* Begin PBXGroup section */
		667EACAA1B51F68800E09272 = {
			isa = PBXGroup;
			children = (
				667EACB51B51F68800E09272 /* iBooks Export */,
				667EACC81B51F68800E09272 /* iBooks ExportTests */,
				667EACB41B51F68800E09272 /* Products */,
			);
			sourceTree = "<group>";
		};
		667EACB41B51F68800E09272 /* Products */ = {
			isa = PBXGroup;
			children = (
				667EACB31B51F68800E09272 /* iBooks Export.app */,
				667EACC51B51F68800E09272 /* iBooks ExportTests.xctest */,
			);
			name = Products;
			sourceTree = "<group>";
		};
		667EACB51B51F68800E09272 /* iBooks Export */ = {
			isa = PBXGroup;
			children = (
				667EACB81B51F68800E09272 /* AppDelegate.swift */,
				667EACBA1B51F68800E09272 /* ViewController.swift */,
				667EACBC1B51F68800E09272 /* Images.xcassets */,
				667EACBE1B51F68800E09272 /* Main.storyboard */,
				667EACB61B51F68800E09272 /* Supporting Files */,
			);
			path = "iBooks Export";
			sourceTree = "<group>";
		};
		667EACB61B51F68800E09272 /* Supporting Files */ = {
			isa = PBXGroup;
			children = (
				667EACB71B51F68800E09272 /* Info.plist */,
			);
			name = "Supporting Files";
			sourceTree = "<group>";
		};
		667EACC81B51F68800E09272 /* iBooks ExportTests */ = {
			isa = PBXGroup;
			children = (
				667EACCB1B51F68800E09272 /* iBooks_ExportTests.swift */,
				667EACC91B51F68800E09272 /* Supporting Files */,
			);
			path = "iBooks ExportTests";
			sourceTree = "<group>";
		};
		667EACC91B51F68800E09272 /* Supporting Files */ = {
			isa = PBXGroup;
			children = (
				667EACCA1B51F68800E09272 /* Info.plist */,
			);
			name = "Supporting Files";
			sourceTree = "<group>";
		};
/* End PBXGroup section */

/* Begin PBXNativeTarget section */
		667EACB21B51F68800E09272 /* iBooks Export */ = {
			isa = PBXNativeTarget;
			buildConfigurationList = 667EACCF1B51F68800E09272 /* Build configuration list for PBXNativeTarget "iBooks Export" */;
			buildPhases = (
				667EACAF1B51F68800E09272 /* Sources */,
				667EACB01B51F68800E09272 /* Frameworks */,
				667EACB11B51F68800E09272 /* Resources */,
			);
			buildRules = (
			);
			dependencies = (
			);
			name = "iBooks Export";
			productName = "iBooks Export";
			productReference = 667EACB31B51F68800E09272 /* iBooks Export.app */;
			productType = "com.apple.product-type.application";
		};
		667EACC41B51F68800E09272 /* iBooks ExportTests */ = {
			isa = PBXNativeTarget;
			buildConfigurationList = 667EACD21B51F68800E09272 /* Build configuration list for PBXNativeTarget "iBooks ExportTests" */;
			buildPhases = (
				667EACC11B51F68800E09272 /* Sources */,
				667EACC21B51F68800E09272 /* Frameworks */,
				667EACC31B51F68800E09272 /* Resources */,
			);
			buildRules = (
			);
			dependencies = (
				667EACC71B51F68800E09272 /* PBXTargetDependency */,
			);
			name = "iBooks ExportTests";
			productName = "iBooks ExportTests";
			productReference = 667EACC51B51F68800E09272 /* iBooks ExportTests.xctest */;
			productType = "com.apple.product-type.bundle.unit-test";
		};
/* End PBXNativeTarget section */

/* Begin PBXProject section */
		667EACAB1B51F68800E09272 /* Project object */ = {
			isa = PBXProject;
			attributes = {
				LastSwiftMigration = 0720;
				LastSwiftUpdateCheck = 0720;
				LastUpgradeCheck = 0810;
				ORGANIZATIONNAME = pty;
				TargetAttributes = {
					667EACB21B51F68800E09272 = {
						CreatedOnToolsVersion = 6.4;
						LastSwiftMigration = 0810;
					};
					667EACC41B51F68800E09272 = {
						CreatedOnToolsVersion = 6.4;
						LastSwiftMigration = 0810;
						TestTargetID = 667EACB21B51F68800E09272;
					};
				};
			};
			buildConfigurationList = 667EACAE1B51F68800E09272 /* Build configuration list for PBXProject "iBooks Export" */;
			compatibilityVersion = "Xcode 3.2";
			developmentRegion = English;
			hasScannedForEncodings = 0;
			knownRegions = (
				en,
				Base,
			);
			mainGroup = 667EACAA1B51F68800E09272;
			productRefGroup = 667EACB41B51F68800E09272 /* Products */;
			projectDirPath = "";
			projectRoot = "";
			targets = (
				667EACB21B51F68800E09272 /* iBooks Export */,
				667EACC41B51F68800E09272 /* iBooks ExportTests */,
			);
		};
/* End PBXProject section */

/* Begin PBXResourcesBuildPhase section */
		667EACB11B51F68800E09272 /* Resources */ = {
			isa = PBXResourcesBuildPhase;
			buildActionMask = 2147483647;
			files = (
				667EACBD1B51F68800E09272 /* Images.xcassets in Resources */,
				667EACC01B51F68800E09272 /* Main.storyboard in Resources */,
			);
			runOnlyForDeploymentPostprocessing = 0;
		};
		667EACC31B51F68800E09272 /* Resources */ = {
			isa = PBXResourcesBuildPhase;
			buildActionMask = 2147483647;
			files = (
			);
			runOnlyForDeploymentPostprocessing = 0;
		};
/* End PBXResourcesBuildPhase section */

/* Begin PBXSourcesBuildPhase section */
		667EACAF1B51F68800E09272 /* Sources */ = {
			isa = PBXSourcesBuildPhase;
			buildActionMask = 2147483647;
			files = (
				667EACBB1B51F68800E09272 /* ViewController.swift in Sources */,
				667EACB91B51F68800E09272 /* AppDelegate.swift in Sources */,
			);
			runOnlyForDeploymentPostprocessing = 0;
		};
		667EACC11B51F68800E09272 /* Sources */ = {
			isa = PBXSourcesBuildPhase;
			buildActionMask = 2147483647;
			files = (
				667EACCC1B51F68800E09272 /* iBooks_ExportTests.swift in Sources */,
			);
			runOnlyForDeploymentPostprocessing = 0;
		};
/* End PBXSourcesBuildPhase section */

/* Begin PBXTargetDependency section */
		667EACC71B51F68800E09272 /* PBXTargetDependency */ = {
			isa = PBXTargetDependency;
			target = 667EACB21B51F68800E09272 /* iBooks Export */;
			targetProxy = 667EACC61B51F68800E09272 /* PBXContainerItemProxy */;
		};
/* End PBXTargetDependency section */

/* Begin PBXVariantGroup section */
		667EACBE1B51F68800E09272 /* Main.storyboard */ = {
			isa = PBXVariantGroup;
			children = (
				667EACBF1B51F68800E09272 /* Base */,
			);
			name = Main.storyboard;
			sourceTree = "<group>";
		};
/* End PBXVariantGroup section */

/* Begin XCBuildConfiguration section */
		667EACCD1B51F68800E09272 /* Debug */ = {
			isa = XCBuildConfiguration;
			buildSettings = {
				ALWAYS_SEARCH_USER_PATHS = NO;
				CLANG_CXX_LANGUAGE_STANDARD = "gnu++0x";
				CLANG_CXX_LIBRARY = "libc++";
				CLANG_ENABLE_MODULES = YES;
				CLANG_ENABLE_OBJC_ARC = YES;
				CLANG_WARN_BOOL_CONVERSION = YES;
				CLANG_WARN_CONSTANT_CONVERSION = YES;
				CLANG_WARN_DIRECT_OBJC_ISA_USAGE = YES_ERROR;
				CLANG_WARN_EMPTY_BODY = YES;
				CLANG_WARN_ENUM_CONVERSION = YES;
				CLANG_WARN_INFINITE_RECURSION = YES;
				CLANG_WARN_INT_CONVERSION = YES;
				CLANG_WARN_OBJC_ROOT_CLASS = YES_ERROR;
				CLANG_WARN_SUSPICIOUS_MOVE = YES;
				CLANG_WARN_UNREACHABLE_CODE = YES;
				CLANG_WARN__DUPLICATE_METHOD_MATCH = YES;
				CODE_SIGN_IDENTITY = "-";
				COPY_PHASE_STRIP = NO;
				DEBUG_INFORMATION_FORMAT = dwarf;
				ENABLE_STRICT_OBJC_MSGSEND = YES;
				ENABLE_TESTABILITY = YES;
				GCC_C_LANGUAGE_STANDARD = gnu99;
				GCC_DYNAMIC_NO_PIC = NO;
				GCC_NO_COMMON_BLOCKS = YES;
				GCC_OPTIMIZATION_LEVEL = 0;
				GCC_PREPROCESSOR_DEFINITIONS = (
					"DEBUG=1",
					"$(inherited)",
				);
				GCC_SYMBOLS_PRIVATE_EXTERN = NO;
				GCC_WARN_64_TO_32_BIT_CONVERSION = YES;
				GCC_WARN_ABOUT_RETURN_TYPE = YES_ERROR;
				GCC_WARN_UNDECLARED_SELECTOR = YES;
				GCC_WARN_UNINITIALIZED_AUTOS = YES_AGGRESSIVE;
				GCC_WARN_UNUSED_FUNCTION = YES;
				GCC_WARN_UNUSED_VARIABLE = YES;
				MACOSX_DEPLOYMENT_TARGET = 10.10;
				MTL_ENABLE_DEBUG_INFO = YES;
				ONLY_ACTIVE_ARCH = YES;
				SDKROOT = macosx;
				SWIFT_OPTIMIZATION_LEVEL = "-Onone";
			};
			name = Debug;
		};
		667EACCE1B51F68800E09272 /* Release */ = {
			isa = XCBuildConfiguration;
			buildSettings = {
				ALWAYS_SEARCH_USER_PATHS = NO;
				CLANG_CXX_LANGUAGE_STANDARD = "gnu++0x";
				CLANG_CXX_LIBRARY = "libc++";
				CLANG_ENABLE_MODULES = YES;
				CLANG_ENABLE_OBJC_ARC = YES;
				CLANG_WARN_BOOL_CONVERSION = YES;
				CLANG_WARN_CONSTANT_CONVERSION = YES;
				CLANG_WARN_DIRECT_OBJC_ISA_USAGE = YES_ERROR;
				CLANG_WARN_EMPTY_BODY = YES;
				CLANG_WARN_ENUM_CONVERSION = YES;
				CLANG_WARN_INFINITE_RECURSION = YES;
				CLANG_WARN_INT_CONVERSION = YES;
				CLANG_WARN_OBJC_ROOT_CLASS = YES_ERROR;
				CLANG_WARN_SUSPICIOUS_MOVE = YES;
				CLANG_WARN_UNREACHABLE_CODE = YES;
				CLANG_WARN__DUPLICATE_METHOD_MATCH = YES;
				CODE_SIGN_IDENTITY = "-";
				COPY_PHASE_STRIP = NO;
				DEBUG_INFORMATION_FORMAT = "dwarf-with-dsym";
				ENABLE_NS_ASSERTIONS = NO;
				ENABLE_STRICT_OBJC_MSGSEND = YES;
				GCC_C_LANGUAGE_STANDARD = gnu99;
				GCC_NO_COMMON_BLOCKS = YES;
				GCC_WARN_64_TO_32_BIT_CONVERSION = YES;
				GCC_WARN_ABOUT_RETURN_TYPE = YES_ERROR;
				GCC_WARN_UNDECLARED_SELECTOR = YES;
				GCC_WARN_UNINITIALIZED_AUTOS = YES_AGGRESSIVE;
				GCC_WARN_UNUSED_FUNCTION = YES;
				GCC_WARN_UNUSED_VARIABLE = YES;
				MACOSX_DEPLOYMENT_TARGET = 10.10;
				MTL_ENABLE_DEBUG_INFO = NO;
				SDKROOT = macosx;
				SWIFT_OPTIMIZATION_LEVEL = "-Owholemodule";
			};
			name = Release;
		};
		667EACD01B51F68800E09272 /* Debug */ = {
			isa = XCBuildConfiguration;
			buildSettings = {
				ASSETCATALOG_COMPILER_APPICON_NAME = AppIcon;
				COMBINE_HIDPI_IMAGES = YES;
				INFOPLIST_FILE = "iBooks Export/Info.plist";
				LD_RUNPATH_SEARCH_PATHS = "$(inherited) @executable_path/../Frameworks";
				PRODUCT_BUNDLE_IDENTIFIER = "pty.$(PRODUCT_NAME:rfc1034identifier)";
				PRODUCT_NAME = "$(TARGET_NAME)";
				SWIFT_VERSION = 3.0;
			};
			name = Debug;
		};
		667EACD11B51F68800E09272 /* Release */ = {
			isa = XCBuildConfiguration;
			buildSettings = {
				ASSETCATALOG_COMPILER_APPICON_NAME = AppIcon;
				COMBINE_HIDPI_IMAGES = YES;
				INFOPLIST_FILE = "iBooks Export/Info.plist";
				LD_RUNPATH_SEARCH_PATHS = "$(inherited) @executable_path/../Frameworks";
				PRODUCT_BUNDLE_IDENTIFIER = "pty.$(PRODUCT_NAME:rfc1034identifier)";
				PRODUCT_NAME = "$(TARGET_NAME)";
				SWIFT_VERSION = 3.0;
			};
			name = Release;
		};
		667EACD31B51F68800E09272 /* Debug */ = {
			isa = XCBuildConfiguration;
			buildSettings = {
				BUNDLE_LOADER = "$(TEST_HOST)";
				COMBINE_HIDPI_IMAGES = YES;
				FRAMEWORK_SEARCH_PATHS = (
					"$(DEVELOPER_FRAMEWORKS_DIR)",
					"$(inherited)",
				);
				GCC_PREPROCESSOR_DEFINITIONS = (
					"DEBUG=1",
					"$(inherited)",
				);
				INFOPLIST_FILE = "iBooks ExportTests/Info.plist";
				LD_RUNPATH_SEARCH_PATHS = "$(inherited) @executable_path/../Frameworks @loader_path/../Frameworks";
				PRODUCT_BUNDLE_IDENTIFIER = "pty.$(PRODUCT_NAME:rfc1034identifier)";
				PRODUCT_NAME = "$(TARGET_NAME)";
				SWIFT_VERSION = 3.0;
				TEST_HOST = "$(BUILT_PRODUCTS_DIR)/iBooks Export.app/Contents/MacOS/iBooks Export";
			};
			name = Debug;
		};
		667EACD41B51F68800E09272 /* Release */ = {
			isa = XCBuildConfiguration;
			buildSettings = {
				BUNDLE_LOADER = "$(TEST_HOST)";
				COMBINE_HIDPI_IMAGES = YES;
				FRAMEWORK_SEARCH_PATHS = (
					"$(DEVELOPER_FRAMEWORKS_DIR)",
					"$(inherited)",
				);
				INFOPLIST_FILE = "iBooks ExportTests/Info.plist";
				LD_RUNPATH_SEARCH_PATHS = "$(inherited) @executable_path/../Frameworks @loader_path/../Frameworks";
				PRODUCT_BUNDLE_IDENTIFIER = "pty.$(PRODUCT_NAME:rfc1034identifier)";
				PRODUCT_NAME = "$(TARGET_NAME)";
				SWIFT_VERSION = 3.0;
				TEST_HOST = "$(BUILT_PRODUCTS_DIR)/iBooks Export.app/Contents/MacOS/iBooks Export";
			};
			name = Release;
		};
/* End XCBuildConfiguration section */

/* Begin XCConfigurationList section */
		667EACAE1B51F68800E09272 /* Build configuration list for PBXProject "iBooks Export" */ = {
			isa = XCConfigurationList;
			buildConfigurations = (
				667EACCD1B51F68800E09272 /* Debug */,
				667EACCE1B51F68800E09272 /* Release */,
			);
			defaultConfigurationIsVisible = 0;
			defaultConfigurationName = Release;
		};
		667EACCF1B51F68800E09272 /* Build configuration list for PBXNativeTarget "iBooks Export" */ = {
			isa = XCConfigurationList;
			buildConfigurations = (
				667EACD01B51F68800E09272 /* Debug */,
				667EACD11B51F68800E09272 /* Release */,
			);
			defaultConfigurationIsVisible = 0;
			defaultConfigurationName = Release;
		};
		667EACD21B51F68800E09272 /* Build configuration list for PBXNativeTarget "iBooks ExportTests" */ = {
			isa = XCConfigurationList;
			buildConfigurations = (
				667EACD31B51F68800E09272 /* Debug */,
				667EACD41B51F68800E09272 /* Release */,
			);
			defaultConfigurationIsVisible = 0;
			defaultConfigurationName = Release;
		};
/* End XCConfigurationList section */
	};
	rootObject = 667EACAB1B51F68800E09272 /* Project object */;
}
